# THIS IS AN AUTOGENERATED FILE. DO NOT EDIT THIS FILE DIRECTLY.
# yarn lockfile v1


"@actions/core@^1.9.0":
  version "1.9.0"
  resolved "https://registry.yarnpkg.com/@actions/core/-/core-1.9.0.tgz#20c1baac5d4bd2508ba1fc3e5f3fc4b8a80d4082"
  integrity sha512-5pbM693Ih59ZdUhgk+fts+bUWTnIdHV3kwOSr+QIoFHMLg7Gzhwm0cifDY/AG68ekEJAkHnQVpcy4f6GjmzBCA==
  dependencies:
    "@actions/http-client" "^2.0.1"

"@actions/github@^5.0.3":
  version "5.0.3"
  resolved "https://registry.yarnpkg.com/@actions/github/-/github-5.0.3.tgz#b305765d6173962d113451ea324ff675aa674f35"
  integrity sha512-myjA/pdLQfhUGLtRZC/J4L1RXOG4o6aYdiEq+zr5wVVKljzbFld+xv10k1FX6IkIJtNxbAq44BdwSNpQ015P0A==
  dependencies:
    "@actions/http-client" "^2.0.1"
    "@octokit/core" "^3.6.0"
    "@octokit/plugin-paginate-rest" "^2.17.0"
    "@octokit/plugin-rest-endpoint-methods" "^5.13.0"

"@actions/http-client@^2.0.1":
  version "2.0.1"
  resolved "https://registry.yarnpkg.com/@actions/http-client/-/http-client-2.0.1.tgz#873f4ca98fe32f6839462a6f046332677322f99c"
  integrity sha512-PIXiMVtz6VvyaRsGY268qvj57hXQEpsYogYOu2nrQhlf+XCGmZstmuZBbAybUl1nQGnvS1k1eEsQ69ZoD7xlSw==
  dependencies:
    tunnel "^0.0.6"

"@octokit/auth-token@^2.4.4":
  version "2.5.0"
  resolved "https://registry.yarnpkg.com/@octokit/auth-token/-/auth-token-2.5.0.tgz#27c37ea26c205f28443402477ffd261311f21e36"
  integrity sha512-r5FVUJCOLl19AxiuZD2VRZ/ORjp/4IN98Of6YJoJOkY75CIBuYfmiNHGrDwXr+aLGG55igl9QrxX3hbiXlLb+g==
  dependencies:
    "@octokit/types" "^6.0.3"

"@octokit/core@^3.6.0":
  version "3.6.0"
  resolved "https://registry.yarnpkg.com/@octokit/core/-/core-3.6.0.tgz#3376cb9f3008d9b3d110370d90e0a1fcd5fe6085"
  integrity sha512-7RKRKuA4xTjMhY+eG3jthb3hlZCsOwg3rztWh75Xc+ShDWOfDDATWbeZpAHBNRpm4Tv9WgBMOy1zEJYXG6NJ7Q==
  dependencies:
    "@octokit/auth-token" "^2.4.4"
    "@octokit/graphql" "^4.5.8"
    "@octokit/request" "^5.6.3"
    "@octokit/request-error" "^2.0.5"
    "@octokit/types" "^6.0.3"
    before-after-hook "^2.2.0"
    universal-user-agent "^6.0.0"

"@octokit/endpoint@^6.0.1":
  version "6.0.12"
  resolved "https://registry.yarnpkg.com/@octokit/endpoint/-/endpoint-6.0.12.tgz#3b4d47a4b0e79b1027fb8d75d4221928b2d05658"
  integrity sha512-lF3puPwkQWGfkMClXb4k/eUT/nZKQfxinRWJrdZaJO85Dqwo/G0yOC434Jr2ojwafWJMYqFGFa5ms4jJUgujdA==
  dependencies:
    "@octokit/types" "^6.0.3"
    is-plain-object "^5.0.0"
    universal-user-agent "^6.0.0"

"@octokit/graphql@^4.5.8":
  version "4.8.0"
  resolved "https://registry.yarnpkg.com/@octokit/graphql/-/graphql-4.8.0.tgz#664d9b11c0e12112cbf78e10f49a05959aa22cc3"
  integrity sha512-0gv+qLSBLKF0z8TKaSKTsS39scVKF9dbMxJpj3U0vC7wjNWFuIpL/z76Qe2fiuCbDRcJSavkXsVtMS6/dtQQsg==
  dependencies:
    "@octokit/request" "^5.6.0"
    "@octokit/types" "^6.0.3"
    universal-user-agent "^6.0.0"

"@octokit/openapi-types@^12.11.0":
  version "12.11.0"
  resolved "https://registry.yarnpkg.com/@octokit/openapi-types/-/openapi-types-12.11.0.tgz#da5638d64f2b919bca89ce6602d059f1b52d3ef0"
  integrity sha512-VsXyi8peyRq9PqIz/tpqiL2w3w80OgVMwBHltTml3LmVvXiphgeqmY9mvBw9Wu7e0QWk/fqD37ux8yP5uVekyQ==

"@octokit/plugin-paginate-rest@^2.17.0":
  version "2.21.3"
  resolved "https://registry.yarnpkg.com/@octokit/plugin-paginate-rest/-/plugin-paginate-rest-2.21.3.tgz#7f12532797775640dbb8224da577da7dc210c87e"
  integrity sha512-aCZTEf0y2h3OLbrgKkrfFdjRL6eSOo8komneVQJnYecAxIej7Bafor2xhuDJOIFau4pk0i/P28/XgtbyPF0ZHw==
  dependencies:
    "@octokit/types" "^6.40.0"

"@octokit/plugin-rest-endpoint-methods@^5.13.0":
  version "5.16.2"
  resolved "https://registry.yarnpkg.com/@octokit/plugin-rest-endpoint-methods/-/plugin-rest-endpoint-methods-5.16.2.tgz#7ee8bf586df97dd6868cf68f641354e908c25342"
  integrity sha512-8QFz29Fg5jDuTPXVtey05BLm7OB+M8fnvE64RNegzX7U+5NUXcOcnpTIK0YfSHBg8gYd0oxIq3IZTe9SfPZiRw==
  dependencies:
    "@octokit/types" "^6.39.0"
    deprecation "^2.3.1"

"@octokit/request-error@^2.0.5", "@octokit/request-error@^2.1.0":
  version "2.1.0"
  resolved "https://registry.yarnpkg.com/@octokit/request-error/-/request-error-2.1.0.tgz#9e150357831bfc788d13a4fd4b1913d60c74d677"
  integrity sha512-1VIvgXxs9WHSjicsRwq8PlR2LR2x6DwsJAaFgzdi0JfJoGSO8mYI/cHJQ+9FbN21aa+DrgNLnwObmyeSC8Rmpg==
  dependencies:
    "@octokit/types" "^6.0.3"
    deprecation "^2.0.0"
    once "^1.4.0"

"@octokit/request@^5.6.0", "@octokit/request@^5.6.3":
  version "5.6.3"
  resolved "https://registry.yarnpkg.com/@octokit/request/-/request-5.6.3.tgz#19a022515a5bba965ac06c9d1334514eb50c48b0"
  integrity sha512-bFJl0I1KVc9jYTe9tdGGpAMPy32dLBXXo1dS/YwSCTL/2nd9XeHsY616RE3HPXDVk+a+dBuzyz5YdlXwcDTr2A==
  dependencies:
    "@octokit/endpoint" "^6.0.1"
    "@octokit/request-error" "^2.1.0"
    "@octokit/types" "^6.16.1"
    is-plain-object "^5.0.0"
    node-fetch "^2.6.7"
    universal-user-agent "^6.0.0"

"@octokit/types@^6.0.3", "@octokit/types@^6.16.1", "@octokit/types@^6.39.0", "@octokit/types@^6.40.0":
  version "6.41.0"
  resolved "https://registry.yarnpkg.com/@octokit/types/-/types-6.41.0.tgz#e58ef78d78596d2fb7df9c6259802464b5f84a04"
  integrity sha512-eJ2jbzjdijiL3B4PrSQaSjuF2sPEQPVCPzBvTHJD9Nz+9dw2SGH4K4xeQJ77YfTq5bRQ+bD8wT11JbeDPmxmGg==
  dependencies:
    "@octokit/openapi-types" "^12.11.0"

"@vercel/ncc@^0.34.0":
  version "0.34.0"
  resolved "https://registry.yarnpkg.com/@vercel/ncc/-/ncc-0.34.0.tgz#d0139528320e46670d949c82967044a8f66db054"
  integrity sha512-G9h5ZLBJ/V57Ou9vz5hI8pda/YQX5HQszCs3AmIus3XzsmRn/0Ptic5otD3xVST8QLKk7AMk7AqpsyQGN7MZ9A==

ansi-regex@^4.1.0:
  version "4.1.1"
  resolved "https://registry.yarnpkg.com/ansi-regex/-/ansi-regex-4.1.1.tgz#164daac87ab2d6f6db3a29875e2d1766582dabed"
  integrity sha512-ILlv4k/3f6vfQ4OoP2AGvirOktlQ98ZEL1k9FaQjxa3L1abBgbuTDAdPOpvbGncC0BTVQrl+OM8xZGK6tWXt7g==

ansi-styles@^3.2.0:
  version "3.2.1"
  resolved "https://registry.yarnpkg.com/ansi-styles/-/ansi-styles-3.2.1.tgz#41fbb20243e50b12be0f04b8dedbf07520ce841d"
  integrity sha512-VT0ZI6kZRdTh8YyJw3SMbYm/u+NqfsAxEpWO0Pf9sq8/e94WxxOpPKx9FR1FlyCtOVDNOQ+8ntlqFxiRc+r5qA==
  dependencies:
    color-convert "^1.9.0"

anymatch@~3.1.2:
  version "3.1.2"
  resolved "https://registry.yarnpkg.com/anymatch/-/anymatch-3.1.2.tgz#c0557c096af32f106198f4f4e2a383537e378716"
  integrity sha512-P43ePfOAIupkguHUycrc4qJ9kz8ZiuOUijaETwX7THt0Y/GNK7v0aa8rY816xWjZ7rJdA5XdMcpVFTKMq+RvWg==
  dependencies:
    normalize-path "^3.0.0"
    picomatch "^2.0.4"

before-after-hook@^2.2.0:
  version "2.2.2"
  resolved "https://registry.yarnpkg.com/before-after-hook/-/before-after-hook-2.2.2.tgz#a6e8ca41028d90ee2c24222f201c90956091613e"
  integrity sha512-3pZEU3NT5BFUo/AD5ERPWOgQOCZITni6iavr5AUw5AUwQjMlI0kzu5btnyD39AF0gUEsDPwJT+oY1ORBJijPjQ==

binary-extensions@^2.0.0:
  version "2.2.0"
  resolved "https://registry.yarnpkg.com/binary-extensions/-/binary-extensions-2.2.0.tgz#75f502eeaf9ffde42fc98829645be4ea76bd9e2d"
  integrity sha512-jDctJ/IVQbZoJykoeHbhXpOlNBqGNcwXJKJog42E5HDPUwQTSdjCHdihjj0DlnheQ7blbT6dHOafNAiS8ooQKA==

braces@~3.0.2:
  version "3.0.2"
  resolved "https://registry.yarnpkg.com/braces/-/braces-3.0.2.tgz#3454e1a462ee8d599e236df336cd9ea4f8afe107"
  integrity sha512-b8um+L1RzM3WDSzvhm6gIz1yfTbBt6YTlcEKAvsmqCZZFw46z626lVj9j1yEPW33H5H+lBQpZMP1k8l+78Ha0A==
  dependencies:
    fill-range "^7.0.1"

camelcase@^5.0.0:
  version "5.3.1"
  resolved "https://registry.yarnpkg.com/camelcase/-/camelcase-5.3.1.tgz#e3c9b31569e106811df242f715725a1f4c494320"
  integrity sha512-L28STB170nwWS63UjtlEOE3dldQApaJXZkOI1uMFfzf3rRuPegHaHesyee+YxQ+W6SvRDQV6UrdOdRiR153wJg==

chokidar-cli@^3.0.0:
  version "3.0.0"
  resolved "https://registry.yarnpkg.com/chokidar-cli/-/chokidar-cli-3.0.0.tgz#29283666063b9e167559d30f247ff8fc48794eb7"
  integrity sha512-xVW+Qeh7z15uZRxHOkP93Ux8A0xbPzwK4GaqD8dQOYc34TlkqUhVSS59fK36DOp5WdJlrRzlYSy02Ht99FjZqQ==
  dependencies:
    chokidar "^3.5.2"
    lodash.debounce "^4.0.8"
    lodash.throttle "^4.1.1"
    yargs "^13.3.0"

chokidar@^3.5.2:
  version "3.5.3"
  resolved "https://registry.yarnpkg.com/chokidar/-/chokidar-3.5.3.tgz#1cf37c8707b932bd1af1ae22c0432e2acd1903bd"
  integrity sha512-Dr3sfKRP6oTcjf2JmUmFJfeVMvXBdegxB0iVQ5eb2V10uFJUCAS8OByZdVAyVb8xXNz3GjjTgj9kLWsZTqE6kw==
  dependencies:
    anymatch "~3.1.2"
    braces "~3.0.2"
    glob-parent "~5.1.2"
    is-binary-path "~2.1.0"
    is-glob "~4.0.1"
    normalize-path "~3.0.0"
    readdirp "~3.6.0"
  optionalDependencies:
    fsevents "~2.3.2"

cliui@^5.0.0:
  version "5.0.0"
  resolved "https://registry.yarnpkg.com/cliui/-/cliui-5.0.0.tgz#deefcfdb2e800784aa34f46fa08e06851c7bbbc5"
  integrity sha512-PYeGSEmmHM6zvoef2w8TPzlrnNpXIjTipYK780YswmIP9vjxmd6Y2a3CB2Ks6/AU8NHjZugXvo8w3oWM2qnwXA==
  dependencies:
    string-width "^3.1.0"
    strip-ansi "^5.2.0"
    wrap-ansi "^5.1.0"

color-convert@^1.9.0:
  version "1.9.3"
  resolved "https://registry.yarnpkg.com/color-convert/-/color-convert-1.9.3.tgz#bb71850690e1f136567de629d2d5471deda4c1e8"
  integrity sha512-QfAUtd+vFdAtFQcC8CCyYt1fYWxSqAiK2cSD6zDB8N3cpsEBAvRxp9zOGg6G/SHHJYAT88/az/IuDGALsNVbGg==
  dependencies:
    color-name "1.1.3"

color-name@1.1.3:
  version "1.1.3"
  resolved "https://registry.yarnpkg.com/color-name/-/color-name-1.1.3.tgz#a7d0558bd89c42f795dd42328f740831ca53bc25"
  integrity sha512-72fSenhMw2HZMTVHeCA9KCmpEIbzWiQsjN+BHcBbS9vr1mtt+vJjPdksIBNUmKAW8TFUDPJK5SUU3QhE9NEXDw==

decamelize@^1.2.0:
  version "1.2.0"
  resolved "https://registry.yarnpkg.com/decamelize/-/decamelize-1.2.0.tgz#f6534d15148269b20352e7bee26f501f9a191290"
  integrity sha512-z2S+W9X73hAUUki+N+9Za2lBlun89zigOyGrsax+KUQ6wKW4ZoWpEYBkGhQjwAjjDCkWxhY0VKEhk8wzY7F5cA==

deprecation@^2.0.0, deprecation@^2.3.1:
  version "2.3.1"
  resolved "https://registry.yarnpkg.com/deprecation/-/deprecation-2.3.1.tgz#6368cbdb40abf3373b525ac87e4a260c3a700919"
  integrity sha512-xmHIy4F3scKVwMsQ4WnVaS8bHOx0DmVwRywosKhaILI0ywMDWPtBSku2HNxRvF7jtwDRsoEwYQSfbxj8b7RlJQ==

emoji-regex@^7.0.1:
  version "7.0.3"
  resolved "https://registry.yarnpkg.com/emoji-regex/-/emoji-regex-7.0.3.tgz#933a04052860c85e83c122479c4748a8e4c72156"
  integrity sha512-CwBLREIQ7LvYFB0WyRvwhq5N5qPhc6PMjD6bYggFlI5YyDgl+0vxq5VHbMOFqLg7hfWzmu8T5Z1QofhmTIhItA==

fill-range@^7.0.1:
  version "7.0.1"
  resolved "https://registry.yarnpkg.com/fill-range/-/fill-range-7.0.1.tgz#1919a6a7c75fe38b2c7c77e5198535da9acdda40"
  integrity sha512-qOo9F+dMUmC2Lcb4BbVvnKJxTPjCm+RRpe4gDuGrzkL7mEVl/djYSu2OdQ2Pa302N4oqkSg9ir6jaLWJ2USVpQ==
  dependencies:
    to-regex-range "^5.0.1"

find-up@^3.0.0:
  version "3.0.0"
  resolved "https://registry.yarnpkg.com/find-up/-/find-up-3.0.0.tgz#49169f1d7993430646da61ecc5ae355c21c97b73"
  integrity sha512-1yD6RmLI1XBfxugvORwlck6f75tYL+iR0jqwsOrOxMZyGYqUuDhJ0l4AXdO1iX/FTs9cBAMEk1gWSEx1kSbylg==
  dependencies:
    locate-path "^3.0.0"

fsevents@~2.3.2:
  version "2.3.2"
  resolved "https://registry.yarnpkg.com/fsevents/-/fsevents-2.3.2.tgz#8a526f78b8fdf4623b709e0b975c52c24c02fd1a"
  integrity sha512-xiqMQR4xAeHTuB9uWm+fFRcIOgKBMiOBP+eXiyT7jsgVCq1bkVygt00oASowB7EdtpOHaaPgKt812P9ab+DDKA==

get-caller-file@^2.0.1:
  version "2.0.5"
  resolved "https://registry.yarnpkg.com/get-caller-file/-/get-caller-file-2.0.5.tgz#4f94412a82db32f36e3b0b9741f8a97feb031f7e"
  integrity sha512-DyFP3BM/3YHTQOCUL/w0OZHR0lpKeGrxotcHWcqNEdnltqFwXVfhEBQ94eIo34AfQpo0rGki4cyIiftY06h2Fg==

glob-parent@~5.1.2:
  version "5.1.2"
  resolved "https://registry.yarnpkg.com/glob-parent/-/glob-parent-5.1.2.tgz#869832c58034fe68a4093c17dc15e8340d8401c4"
  integrity sha512-AOIgSQCepiJYwP3ARnGx+5VnTu2HBYdzbGP45eLw1vr3zB3vZLeyed1sC9hnbcOc9/SrMyM5RPQrkGz4aS9Zow==
  dependencies:
    is-glob "^4.0.1"

is-binary-path@~2.1.0:
  version "2.1.0"
  resolved "https://registry.yarnpkg.com/is-binary-path/-/is-binary-path-2.1.0.tgz#ea1f7f3b80f064236e83470f86c09c254fb45b09"
  integrity sha512-ZMERYes6pDydyuGidse7OsHxtbI7WVeUEozgR/g7rd0xUimYNlvZRE/K2MgZTjWy725IfelLeVcEM97mmtRGXw==
  dependencies:
    binary-extensions "^2.0.0"

is-extglob@^2.1.1:
  version "2.1.1"
  resolved "https://registry.yarnpkg.com/is-extglob/-/is-extglob-2.1.1.tgz#a88c02535791f02ed37c76a1b9ea9773c833f8c2"
  integrity sha512-SbKbANkN603Vi4jEZv49LeVJMn4yGwsbzZworEoyEiutsN3nJYdbO36zfhGJ6QEDpOZIFkDtnq5JRxmvl3jsoQ==

is-fullwidth-code-point@^2.0.0:
  version "2.0.0"
  resolved "https://registry.yarnpkg.com/is-fullwidth-code-point/-/is-fullwidth-code-point-2.0.0.tgz#a3b30a5c4f199183167aaab93beefae3ddfb654f"
  integrity sha512-VHskAKYM8RfSFXwee5t5cbN5PZeq1Wrh6qd5bkyiXIf6UQcN6w/A0eXM9r6t8d+GYOh+o6ZhiEnb88LN/Y8m2w==

is-glob@^4.0.1, is-glob@~4.0.1:
  version "4.0.3"
  resolved "https://registry.yarnpkg.com/is-glob/-/is-glob-4.0.3.tgz#64f61e42cbbb2eec2071a9dac0b28ba1e65d5084"
  integrity sha512-xelSayHH36ZgE7ZWhli7pW34hNbNl8Ojv5KVmkJD4hBdD3th8Tfk9vYasLM+mXWOZhFkgZfxhLSnrwRr4elSSg==
  dependencies:
    is-extglob "^2.1.1"

is-number@^7.0.0:
  version "7.0.0"
  resolved "https://registry.yarnpkg.com/is-number/-/is-number-7.0.0.tgz#7535345b896734d5f80c4d06c50955527a14f12b"
  integrity sha512-41Cifkg6e8TylSpdtTpeLVMqvSBEVzTttHvERD741+pnZ8ANv0004MRL43QKPDlK9cGvNp6NZWZUBlbGXYxxng==

is-plain-object@^5.0.0:
  version "5.0.0"
  resolved "https://registry.yarnpkg.com/is-plain-object/-/is-plain-object-5.0.0.tgz#4427f50ab3429e9025ea7d52e9043a9ef4159344"
  integrity sha512-VRSzKkbMm5jMDoKLbltAkFQ5Qr7VDiTFGXxYFXXowVj387GeGNOCsOH6Msy00SGZ3Fp84b1Naa1psqgcCIEP5Q==

locate-path@^3.0.0:
  version "3.0.0"
  resolved "https://registry.yarnpkg.com/locate-path/-/locate-path-3.0.0.tgz#dbec3b3ab759758071b58fe59fc41871af21400e"
  integrity sha512-7AO748wWnIhNqAuaty2ZWHkQHRSNfPVIsPIfwEOWO22AmaoVrWavlOcMR5nzTLNYvp36X220/maaRsrec1G65A==
  dependencies:
    p-locate "^3.0.0"
    path-exists "^3.0.0"

lodash.debounce@^4.0.8:
  version "4.0.8"
  resolved "https://registry.yarnpkg.com/lodash.debounce/-/lodash.debounce-4.0.8.tgz#82d79bff30a67c4005ffd5e2515300ad9ca4d7af"
  integrity sha512-FT1yDzDYEoYWhnSGnpE/4Kj1fLZkDFyqRb7fNt6FdYOSxlUWAtp42Eh6Wb0rGIv/m9Bgo7x4GhQbm5Ys4SG5ow==

lodash.throttle@^4.1.1:
  version "4.1.1"
  resolved "https://registry.yarnpkg.com/lodash.throttle/-/lodash.throttle-4.1.1.tgz#c23e91b710242ac70c37f1e1cda9274cc39bf2f4"
  integrity sha512-wIkUCfVKpVsWo3JSZlc+8MB5it+2AN5W8J7YVMST30UrvcQNZ1Okbj+rbVniijTWE6FGYy4XJq/rHkas8qJMLQ==

node-fetch@^2.6.7:
  version "2.6.7"
  resolved "https://registry.yarnpkg.com/node-fetch/-/node-fetch-2.6.7.tgz#24de9fba827e3b4ae44dc8b20256a379160052ad"
  integrity sha512-ZjMPFEfVx5j+y2yF35Kzx5sF7kDzxuDj6ziH4FFbOp87zKDZNx8yExJIb05OGF4Nlt9IHFIMBkRl41VdvcNdbQ==
  dependencies:
    whatwg-url "^5.0.0"

normalize-path@^3.0.0, normalize-path@~3.0.0:
  version "3.0.0"
  resolved "https://registry.yarnpkg.com/normalize-path/-/normalize-path-3.0.0.tgz#0dcd69ff23a1c9b11fd0978316644a0388216a65"
  integrity sha512-6eZs5Ls3WtCisHWp9S2GUy8dqkpGi4BVSz3GaqiE6ezub0512ESztXUwUB6C6IKbQkY2Pnb/mD4WYojCRwcwLA==

once@^1.4.0:
  version "1.4.0"
  resolved "https://registry.yarnpkg.com/once/-/once-1.4.0.tgz#583b1aa775961d4b113ac17d9c50baef9dd76bd1"
  integrity sha512-lNaJgI+2Q5URQBkccEKHTQOPaXdUxnZZElQTZY0MFUAuaEqe1E+Nyvgdz/aIyNi6Z9MzO5dv1H8n58/GELp3+w==
  dependencies:
    wrappy "1"

p-limit@^2.0.0:
  version "2.3.0"
  resolved "https://registry.yarnpkg.com/p-limit/-/p-limit-2.3.0.tgz#3dd33c647a214fdfffd835933eb086da0dc21db1"
  integrity sha512-//88mFWSJx8lxCzwdAABTJL2MyWB12+eIY7MDL2SqLmAkeKU9qxRvWuSyTjm3FUmpBEMuFfckAIqEaVGUDxb6w==
  dependencies:
    p-try "^2.0.0"

p-locate@^3.0.0:
  version "3.0.0"
  resolved "https://registry.yarnpkg.com/p-locate/-/p-locate-3.0.0.tgz#322d69a05c0264b25997d9f40cd8a891ab0064a4"
  integrity sha512-x+12w/To+4GFfgJhBEpiDcLozRJGegY+Ei7/z0tSLkMmxGZNybVMSfWj9aJn8Z5Fc7dBUNJOOVgPv2H7IwulSQ==
  dependencies:
    p-limit "^2.0.0"

p-try@^2.0.0:
  version "2.2.0"
  resolved "https://registry.yarnpkg.com/p-try/-/p-try-2.2.0.tgz#cb2868540e313d61de58fafbe35ce9004d5540e6"
  integrity sha512-R4nPAVTAU0B9D35/Gk3uJf/7XYbQcyohSKdvAxIRSNghFl4e71hVoGnBNQz9cWaXxO2I10KTC+3jMdvvoKw6dQ==

path-exists@^3.0.0:
  version "3.0.0"
  resolved "https://registry.yarnpkg.com/path-exists/-/path-exists-3.0.0.tgz#ce0ebeaa5f78cb18925ea7d810d7b59b010fd515"
  integrity sha512-bpC7GYwiDYQ4wYLe+FA8lhRjhQCMcQGuSgGGqDkg/QerRWw9CmGRT0iSOVRSZJ29NMLZgIzqaljJ63oaL4NIJQ==

picomatch@^2.0.4, picomatch@^2.2.1:
  version "2.3.1"
  resolved "https://registry.yarnpkg.com/picomatch/-/picomatch-2.3.1.tgz#3ba3833733646d9d3e4995946c1365a67fb07a42"
  integrity sha512-JU3teHTNjmE2VCGFzuY8EXzCDVwEqB2a8fsIvwaStHhAWJEeVd1o1QD80CU6+ZdEXXSLbSsuLwJjkCBWqRQUVA==

readdirp@~3.6.0:
  version "3.6.0"
  resolved "https://registry.yarnpkg.com/readdirp/-/readdirp-3.6.0.tgz#74a370bd857116e245b29cc97340cd431a02a6c7"
  integrity sha512-hOS089on8RduqdbhvQ5Z37A0ESjsqz6qnRcffsMU3495FuTdqSm+7bhJ29JvIOsBDEEnan5DPu9t3To9VRlMzA==
  dependencies:
    picomatch "^2.2.1"

require-directory@^2.1.1:
  version "2.1.1"
  resolved "https://registry.yarnpkg.com/require-directory/-/require-directory-2.1.1.tgz#8c64ad5fd30dab1c976e2344ffe7f792a6a6df42"
  integrity sha512-fGxEI7+wsG9xrvdjsrlmL22OMTTiHRwAMroiEeMgq8gzoLC/PQr7RsRDSTLUg/bZAZtF+TVIkHc6/4RIKrui+Q==

require-main-filename@^2.0.0:
  version "2.0.0"
  resolved "https://registry.yarnpkg.com/require-main-filename/-/require-main-filename-2.0.0.tgz#d0b329ecc7cc0f61649f62215be69af54aa8989b"
  integrity sha512-NKN5kMDylKuldxYLSUfrbo5Tuzh4hd+2E8NPPX02mZtn1VuREQToYe/ZdlJy+J3uCpfaiGF05e7B8W0iXbQHmg==

set-blocking@^2.0.0:
  version "2.0.0"
  resolved "https://registry.yarnpkg.com/set-blocking/-/set-blocking-2.0.0.tgz#045f9782d011ae9a6803ddd382b24392b3d890f7"
  integrity sha512-KiKBS8AnWGEyLzofFfmvKwpdPzqiy16LvQfK3yv/fVH7Bj13/wl3JSR1J+rfgRE9q7xUJK4qvgS8raSOeLUehw==

string-width@^3.0.0, string-width@^3.1.0:
  version "3.1.0"
  resolved "https://registry.yarnpkg.com/string-width/-/string-width-3.1.0.tgz#22767be21b62af1081574306f69ac51b62203961"
  integrity sha512-vafcv6KjVZKSgz06oM/H6GDBrAtz8vdhQakGjFIvNrHA6y3HCF1CInLy+QLq8dTJPQ1b+KDUqDFctkdRW44e1w==
  dependencies:
    emoji-regex "^7.0.1"
    is-fullwidth-code-point "^2.0.0"
    strip-ansi "^5.1.0"

strip-ansi@^5.0.0, strip-ansi@^5.1.0, strip-ansi@^5.2.0:
  version "5.2.0"
  resolved "https://registry.yarnpkg.com/strip-ansi/-/strip-ansi-5.2.0.tgz#8c9a536feb6afc962bdfa5b104a5091c1ad9c0ae"
  integrity sha512-DuRs1gKbBqsMKIZlrffwlug8MHkcnpjs5VPmL1PAh+mA30U0DTotfDZ0d2UUsXpPmPmMMJ6W773MaA3J+lbiWA==
  dependencies:
    ansi-regex "^4.1.0"

to-regex-range@^5.0.1:
  version "5.0.1"
  resolved "https://registry.yarnpkg.com/to-regex-range/-/to-regex-range-5.0.1.tgz#1648c44aae7c8d988a326018ed72f5b4dd0392e4"
  integrity sha512-65P7iz6X5yEr1cwcgvQxbbIw7Uk3gOy5dIdtZ4rDveLqhrdJP+Li/Hx6tyK0NEb+2GCyneCMJiGqrADCSNk8sQ==
  dependencies:
    is-number "^7.0.0"

tr46@~0.0.3:
  version "0.0.3"
  resolved "https://registry.yarnpkg.com/tr46/-/tr46-0.0.3.tgz#8184fd347dac9cdc185992f3a6622e14b9d9ab6a"
  integrity sha512-N3WMsuqV66lT30CrXNbEjx4GEwlow3v6rr4mCcv6prnfwhS01rkgyFdjPNBYd9br7LpXV1+Emh01fHnq2Gdgrw==

tunnel@^0.0.6:
  version "0.0.6"
  resolved "https://registry.yarnpkg.com/tunnel/-/tunnel-0.0.6.tgz#72f1314b34a5b192db012324df2cc587ca47f92c"
  integrity sha512-1h/Lnq9yajKY2PEbBadPXj3VxsDDu844OnaAo52UVmIzIvwwtBPIuNvkjuzBlTWpfJyUbG3ez0KSBibQkj4ojg==

universal-user-agent@^6.0.0:
  version "6.0.0"
  resolved "https://registry.yarnpkg.com/universal-user-agent/-/universal-user-agent-6.0.0.tgz#3381f8503b251c0d9cd21bc1de939ec9df5480ee"
  integrity sha512-isyNax3wXoKaulPDZWHQqbmIx1k2tb9fb3GGDBRxCscfYV2Ch7WxPArBsFEG8s/safwXTT7H4QGhaIkTp9447w==

webidl-conversions@^3.0.0:
  version "3.0.1"
  resolved "https://registry.yarnpkg.com/webidl-conversions/-/webidl-conversions-3.0.1.tgz#24534275e2a7bc6be7bc86611cc16ae0a5654871"
  integrity sha512-2JAn3z8AR6rjK8Sm8orRC0h/bcl/DqL7tRPdGZ4I1CjdF+EaMLmYxBHyXuKL849eucPFhvBoxMsflfOb8kxaeQ==

whatwg-url@^5.0.0:
  version "5.0.0"
  resolved "https://registry.yarnpkg.com/whatwg-url/-/whatwg-url-5.0.0.tgz#966454e8765462e37644d3626f6742ce8b70965d"
  integrity sha512-saE57nupxk6v3HY35+jzBwYa0rKSy0XR8JSxZPwgLr7ys0IBzhGviA1/TUGJLmSVqs8pb9AnvICXEuOHLprYTw==
  dependencies:
    tr46 "~0.0.3"
    webidl-conversions "^3.0.0"

which-module@^2.0.0:
  version "2.0.0"
  resolved "https://registry.yarnpkg.com/which-module/-/which-module-2.0.0.tgz#d9ef07dce77b9902b8a3a8fa4b31c3e3f7e6e87a"
  integrity sha512-B+enWhmw6cjfVC7kS8Pj9pCrKSc5txArRyaYGe088shv/FGWH+0Rjx/xPgtsWfsUtS27FkP697E4DDhgrgoc0Q==

wrap-ansi@^5.1.0:
  version "5.1.0"
  resolved "https://registry.yarnpkg.com/wrap-ansi/-/wrap-ansi-5.1.0.tgz#1fd1f67235d5b6d0fee781056001bfb694c03b09"
  integrity sha512-QC1/iN/2/RPVJ5jYK8BGttj5z83LmSKmvbvrXPNCLZSEb32KKVDJDl/MOt2N01qU2H/FkzEa9PKto1BqDjtd7Q==
  dependencies:
    ansi-styles "^3.2.0"
    string-width "^3.0.0"
    strip-ansi "^5.0.0"

wrappy@1:
  version "1.0.2"
  resolved "https://registry.yarnpkg.com/wrappy/-/wrappy-1.0.2.tgz#b5243d8f3ec1aa35f1364605bc0d1036e30ab69f"
  integrity sha512-l4Sp/DRseor9wL6EvV2+TuQn63dMkPjZ/sp9XkghTEbV9KlPS1xUsZ3u7/IQO4wxtcFB4bgpQPRcR3QCvezPcQ==

y18n@^4.0.0:
  version "4.0.3"
  resolved "https://registry.yarnpkg.com/y18n/-/y18n-4.0.3.tgz#b5f259c82cd6e336921efd7bfd8bf560de9eeedf"
  integrity sha512-JKhqTOwSrqNA1NY5lSztJ1GrBiUodLMmIZuLiDaMRJ+itFd+ABVE8XBjOvIWL+rSqNDC74LCSFmlb/U4UZ4hJQ==

yargs-parser@^13.1.2:
  version "13.1.2"
  resolved "https://registry.yarnpkg.com/yargs-parser/-/yargs-parser-13.1.2.tgz#130f09702ebaeef2650d54ce6e3e5706f7a4fb38"
  integrity sha512-3lbsNRf/j+A4QuSZfDRA7HRSfWrzO0YjqTJd5kjAq37Zep1CEgaYmrH9Q3GwPiB9cHyd1Y1UwggGhJGoxipbzg==
  dependencies:
    camelcase "^5.0.0"
    decamelize "^1.2.0"

yargs@^13.3.0:
  version "13.3.2"
  resolved "https://registry.yarnpkg.com/yargs/-/yargs-13.3.2.tgz#ad7ffefec1aa59565ac915f82dccb38a9c31a2dd"
  integrity sha512-AX3Zw5iPruN5ie6xGRIDgqkT+ZhnRlZMLMHAs8tg7nRruy2Nb+i5o9bwghAogtM08q1dpr2LVoS8KSTMYpWXUw==
  dependencies:
    cliui "^5.0.0"
    find-up "^3.0.0"
    get-caller-file "^2.0.1"
    require-directory "^2.1.1"
    require-main-filename "^2.0.0"
    set-blocking "^2.0.0"
    string-width "^3.0.0"
    which-module "^2.0.0"
    y18n "^4.0.0"
    yargs-parser "^13.1.2"
