# THIS IS AN AUTOGENERATED FILE. DO NOT EDIT THIS FILE DIRECTLY.
# yarn lockfile v1


"true-myth@^5.1.2":
  version "5.1.2"
  resolved "https://registry.yarnpkg.com/true-myth/-/true-myth-5.1.2.tgz#58a425b0aefe57eed279ac2d1b65e567153ea9b0"
  integrity sha512-4A8CVJiDt35EhS2U4DYoU1Kg8nMdqpC4sIc4ktan/nE3T2u5kLd7fJ1ZSQTn5xO/A41IB7DLF8R8xL6l0MPgsQ==
