github.com/davecgh/go-spew v1.1.1 h1:vj9j/u1bqnvCEfJOwUhtlOARqs3+rkHYY13jYWTU97c=
github.com/davecgh/go-spew v1.1.1/go.mod h1:J7Y8YcW2NihsgmVo/mv3lAwl/skON4iLHjSsI+c5H38=
github.com/grafana/pyroscope-go v1.4.2 h1:0LW5HrUJXgGr9zF5gITP/HaFXN9/LsMiwlgVJAK75l0=
github.com/grafana/pyroscope-go v1.4.2/go.mod h1:Ej13Jr05rRJrjWvrrFhfh6gGYXtfibuukOs3Tl3Y7QQ=
github.com/grafana/pyroscope-go/godeltaprof v0.1.12 h1:X6OemT2WcLtxdmNukEQuIp0c+efWVI/tBTd0oeWeDHI=
github.com/grafana/pyroscope-go/godeltaprof v0.1.12/go.mod h1:aNSXN1bn1VHAd06EiepmwhAabHsMc67gx8itecdF2c8=
github.com/klauspost/compress v1.18.7 h1:aUyZsS4kH3QTKurYhAOwAHxllVPnOthb3vPfnF1Ehjw=
github.com/klauspost/compress v1.18.7/go.mod h1:cwPg85FWrGar70rWktvGQj8/hthj3wpl0PGDogxkrSQ=
github.com/pmezard/go-difflib v1.0.0 h1:4DBwDE0NGyQoBHbLQYPwSUPoCMWR5BEzIk/f1lZbAQM=
github.com/pmezard/go-difflib v1.0.0/go.mod h1:iKH77koFhYxTK1pcRnkKkqfTogsbg7gZNVY4sRDYZ/4=
github.com/stretchr/objx v0.5.3 h1:jmXUvGomnU1o3W/V5h2VEradbpJDwGrzugQQvL0POH4=
github.com/stretchr/objx v0.5.3/go.mod h1:rDQraq+vQZU7Fde9LOZLr8Tax6zZvy4kuNKF+QYS+U0=
github.com/stretchr/testify v1.11.1 h1:7s2iGBzp5EwR7/aIZr8ao5+dra3wiQyKjjFuvgVKu7U=
github.com/stretchr/testify v1.11.1/go.mod h1:wZwfW3scLgRK+23gO65QZefKpKQRnfz6sD981Nm4B6U=
gopkg.in/yaml.v3 v3.0.1 h1:fxVm/GzAzEWqLHuvctI91KS9hhNmmWOoWu0XTYJS7CA=
gopkg.in/yaml.v3 v3.0.1/go.mod h1:K4uyk7z7BCEPqu6E+C64Yfv1cQ7kz7rIZviUmN+EgEM=
