github.com/grafana/pyroscope-go v1.0.0 h1:uBK2kAxz3tl8AYJCzOPOZkqBt+m5g9I2YPWB8z2Ts4c=
github.com/grafana/pyroscope-go v1.0.0/go.mod h1:ZfvwzkhpGG7i5PhUQBywNJ3BPHR7OqdsSt+mzY1ES24=
github.com/pyroscope-io/godeltaprof v0.1.2 h1:MdlEmYELd5w+lvIzmZvXGNMVzW2Qc9jDMuJaPOR75g4=
github.com/pyroscope-io/godeltaprof v0.1.2/go.mod h1:psMITXp90+8pFenXkKIpNhrfmI9saQnPbba27VIaiQE=
