github.com/grafana/pyroscope-golang v0.7.3-0.20230829115425-646351324844 h1:gyeRk2xwu8XjAqANqMXVPUqAzzChzoYcBoT31OS3PNU=
github.com/grafana/pyroscope-golang v0.7.3-0.20230829115425-646351324844/go.mod h1:uI3YmsWxa2cu/R5zN9aoKg4Yzsbj9HoK3ZLIluOugYM=
github.com/pyroscope-io/godeltaprof v0.1.2 h1:MdlEmYELd5w+lvIzmZvXGNMVzW2Qc9jDMuJaPOR75g4=
github.com/pyroscope-io/godeltaprof v0.1.2/go.mod h1:psMITXp90+8pFenXkKIpNhrfmI9saQnPbba27VIaiQE=
