dependencies:
- name: grafana-agent
  repository: https://grafana.github.io/helm-charts
  version: 0.24.0
- name: minio
  repository: https://charts.min.io/
  version: 4.0.12
digest: sha256:ab1aa76119433e6f465fb54e0f0a1967f044f951f7f4987b18ca6452e75b27ae
generated: "2023-09-10T14:48:47.762861+07:00"
