
Microsoft Visual Studio Solution File, Format Version 12.00
# Visual Studio Version 17
VisualStudioVersion = 17.5.002.0
MinimumVisualStudioVersion = 10.0.40219.1
Project("{9A19103F-16F7-4668-BE54-9A1E7A4F7556}") = "Example", "Example.csproj", "{1F2442C8-F441-4E57-98FB-101502807CEE}"
EndProject
Global
	GlobalSection(SolutionConfigurationPlatforms) = preSolution
		Debug|Any CPU = Debug|Any CPU
		Release|Any CPU = Release|Any CPU
	EndGlobalSection
	GlobalSection(ProjectConfigurationPlatforms) = postSolution
		{1F2442C8-F441-4E57-98FB-101502807CEE}.Debug|Any CPU.ActiveCfg = Debug|Any CPU
		{1F2442C8-F441-4E57-98FB-101502807CEE}.Debug|Any CPU.Build.0 = Debug|Any CPU
		{1F2442C8-F441-4E57-98FB-101502807CEE}.Release|Any CPU.ActiveCfg = Release|Any CPU
		{1F2442C8-F441-4E57-98FB-101502807CEE}.Release|Any CPU.Build.0 = Release|Any CPU
	EndGlobalSection
	GlobalSection(SolutionProperties) = preSolution
		HideSolutionNode = FALSE
	EndGlobalSection
	GlobalSection(ExtensibilityGlobals) = postSolution
		SolutionGuid = {68686B10-78E0-49ED-8DF3-DB24812AE23F}
	EndGlobalSection
EndGlobal
